<?xml version="1.0" encoding="utf-8"?>
<Project ToolsVersion="4.0" xmlns="http://schemas.microsoft.com/developer/msbuild/2003">
  <ItemGroup>
    <ClCompile Include="main.cpp" />
  </ItemGroup>
  <ItemGroup>
    <None Include="Shader\GeometryHeader.hlsli" />
    <None Include="Shader\LightingHeader.hlsli" />
  </ItemGroup>
  <ItemGroup>
    <FxCompile Include="Shader\GeometryVertexShader.hlsl" />
    <FxCompile Include="Shader\GeometryPixelShader.hlsl" />
    <FxCompile Include="Shader\LightingVertexShader.hlsl" />
    <FxCompile Include="Shader\LightingPixelShader.hlsl" />
  </ItemGroup>
</Project>